
Microsoft Visual Studio Solution File, Format Version 12.00
# Visual Studio Version 17
VisualStudioVersion = 17.7.34031.279
MinimumVisualStudioVersion = 10.0.40219.1
Project("{FAE04EC0-301F-11D3-BF4B-00C04F79EFBC}") = "Banking", "Banking.csproj", "{0FB13BBB-ECB3-4170-B373-E5E3C2B7AFC5}"
EndProject
Global
	GlobalSection(SolutionConfigurationPlatforms) = preSolution
		Debug|Any CPU = Debug|Any CPU
		Release|Any CPU = Release|Any CPU
	EndGlobalSection
	GlobalSection(ProjectConfigurationPlatforms) = postSolution
		{0FB13BBB-ECB3-4170-B373-E5E3C2B7AFC5}.Debug|Any CPU.ActiveCfg = Debug|Any CPU
		{0FB13BBB-ECB3-4170-B373-E5E3C2B7AFC5}.Debug|Any CPU.Build.0 = Debug|Any CPU
		{0FB13BBB-ECB3-4170-B373-E5E3C2B7AFC5}.Release|Any CPU.ActiveCfg = Release|Any CPU
		{0FB13BBB-ECB3-4170-B373-E5E3C2B7AFC5}.Release|Any CPU.Build.0 = Release|Any CPU
	EndGlobalSection
	GlobalSection(SolutionProperties) = preSolution
		HideSolutionNode = FALSE
	EndGlobalSection
	GlobalSection(ExtensibilityGlobals) = postSolution
		SolutionGuid = {2B995B8E-30E5-4AFC-AD96-EC2D6AAA5302}
	EndGlobalSection
EndGlobal
